// !$*UTF8*$!
{
	archiveVersion = 1;
	classes = {
	};
	objectVersion = 46;
	objects = {

/* Begin PBXBuildFile section */
		99096DFF1A19AFD2009CF377 /* hh-blessings.jpg in Resources */ = {isa = PBXBuildFile; fileRef = 99096DFE1A19AFD2009CF377 /* hh-blessings.jpg */; };
		99096E011A19B0B6009CF377 /* Bhagawad-Gita.jpg in Resources */ = {isa = PBXBuildFile; fileRef = 99096E001A19B0B6009CF377 /* Bhagawad-Gita.jpg */; };
		990F0C411A1192F2007989C1 /* Appaji.jpg in Resources */ = {isa = PBXBuildFile; fileRef = 990F0C401A1192F2007989C1 /* Appaji.jpg */; };
		990F0C431A119304007989C1 /* Balaswamiji.jpg in Resources */ = {isa = PBXBuildFile; fileRef = 990F0C421A119304007989C1 /* Balaswamiji.jpg */; };
		990F0C451A11A336007989C1 /* summaryCell.swift in Sources */ = {isa = PBXBuildFile; fileRef = 990F0C441A11A336007989C1 /* summaryCell.swift */; };
		990F0C471A11ACA5007989C1 /* Default-category.jpg in Resources */ = {isa = PBXBuildFile; fileRef = 990F0C461A11ACA5007989C1 /* Default-category.jpg */; };
		991008A01A099D0E0015E4A1 /* FavUnselected.jpeg in Resources */ = {isa = PBXBuildFile; fileRef = 9910089F1A099D0E0015E4A1 /* FavUnselected.jpeg */; };
		991008A21A099E340015E4A1 /* FavSelected.png in Resources */ = {isa = PBXBuildFile; fileRef = 991008A11A099E340015E4A1 /* FavSelected.png */; };
		991008A61A09A4F60015E4A1 /* Favorite1KB.png in Resources */ = {isa = PBXBuildFile; fileRef = 991008A51A09A4F60015E4A1 /* Favorite1KB.png */; };
		991008A81A09A7A10015E4A1 /* FavTableViewController.swift in Sources */ = {isa = PBXBuildFile; fileRef = 991008A71A09A7A10015E4A1 /* FavTableViewController.swift */; };
		99114D341A04956C005D6DB0 /* Mic.jpeg in Resources */ = {isa = PBXBuildFile; fileRef = 99114D331A04956C005D6DB0 /* Mic.jpeg */; };
		9915D7441A1DC089009B9766 /* Bonsai.jpeg in Resources */ = {isa = PBXBuildFile; fileRef = 9915D7431A1DC089009B9766 /* Bonsai.jpeg */; };
		991783DB1A11066D00D1C6CC /* photo-small.png in Resources */ = {isa = PBXBuildFile; fileRef = 991783DA1A11066D00D1C6CC /* photo-small.png */; };
		9917A47F19F1E5F000F83DFC /* customCell.swift in Sources */ = {isa = PBXBuildFile; fileRef = 9917A47E19F1E5F000F83DFC /* customCell.swift */; };
		9926B4691A0A365F006E867B /* showImagePickerViewController.swift in Sources */ = {isa = PBXBuildFile; fileRef = 9926B4681A0A365F006E867B /* showImagePickerViewController.swift */; };
		9930D8E61A0F01030087826B /* modelCategory.swift in Sources */ = {isa = PBXBuildFile; fileRef = 9930D8E51A0F01030087826B /* modelCategory.swift */; };
		9930D8E81A0F01C60087826B /* categoryViewController.swift in Sources */ = {isa = PBXBuildFile; fileRef = 9930D8E71A0F01C60087826B /* categoryViewController.swift */; };
		994634DC1A1AD5EA00C5D0E9 /* Rec-small.png in Resources */ = {isa = PBXBuildFile; fileRef = 994634DB1A1AD5EA00C5D0E9 /* Rec-small.png */; };
		994634E11A1B66A200C5D0E9 /* CloudKit.framework in Frameworks */ = {isa = PBXBuildFile; fileRef = 994634E01A1B66A200C5D0E9 /* CloudKit.framework */; };
		9951FBCF1A12C90B00DE82D6 /* categoryTableViewCell.swift in Sources */ = {isa = PBXBuildFile; fileRef = 9951FBCE1A12C90B00DE82D6 /* categoryTableViewCell.swift */; };
		9951FBD11A12D8E700DE82D6 /* House-visit.jpg in Resources */ = {isa = PBXBuildFile; fileRef = 9951FBD01A12D8E700DE82D6 /* House-visit.jpg */; };
		9951FBD31A17506C00DE82D6 /* categoryImageViewController.swift in Sources */ = {isa = PBXBuildFile; fileRef = 9951FBD21A17506C00DE82D6 /* categoryImageViewController.swift */; };
		995ACCAC19EAEBDB00F0C715 /* ExperienceSummaryViewController.swift in Sources */ = {isa = PBXBuildFile; fileRef = 995ACCAB19EAEBDB00F0C715 /* ExperienceSummaryViewController.swift */; };
		995ACCAE19EAEBFC00F0C715 /* ExperienceListViewController.swift in Sources */ = {isa = PBXBuildFile; fileRef = 995ACCAD19EAEBFC00F0C715 /* ExperienceListViewController.swift */; };
		995ACCB019EAEC1E00F0C715 /* ExperienceDetailViewController.swift in Sources */ = {isa = PBXBuildFile; fileRef = 995ACCAF19EAEC1E00F0C715 /* ExperienceDetailViewController.swift */; };
		995ACCB419EAF7B500F0C715 /* ExperienceMgr.swift in Sources */ = {isa = PBXBuildFile; fileRef = 995ACCB319EAF7B500F0C715 /* ExperienceMgr.swift */; };
		995ACCB619EAF7E700F0C715 /* ExperiencePersistenceHelper.swift in Sources */ = {isa = PBXBuildFile; fileRef = 995ACCB519EAF7E700F0C715 /* ExperiencePersistenceHelper.swift */; };
		996600B419F27778001B3086 /* share2.jpeg in Resources */ = {isa = PBXBuildFile; fileRef = 996600B219F27778001B3086 /* share2.jpeg */; };
		996BF7DA1A19FF8F00304B82 /* favCellTableViewCell.swift in Sources */ = {isa = PBXBuildFile; fileRef = 996BF7D91A19FF8F00304B82 /* favCellTableViewCell.swift */; };
		996BF7E11A1A210E00304B82 /* icon_setting.png in Resources */ = {isa = PBXBuildFile; fileRef = 996BF7DF1A1A210E00304B82 /* icon_setting.png */; };
		998D7C0C19EAE69500A8036F /* AppDelegate.swift in Sources */ = {isa = PBXBuildFile; fileRef = 998D7C0B19EAE69500A8036F /* AppDelegate.swift */; };
		998D7C0F19EAE69500A8036F /* CoreXperience.xcdatamodeld in Sources */ = {isa = PBXBuildFile; fileRef = 998D7C0D19EAE69500A8036F /* CoreXperience.xcdatamodeld */; };
		998D7C1419EAE69500A8036F /* MainCore.storyboard in Resources */ = {isa = PBXBuildFile; fileRef = 998D7C1219EAE69500A8036F /* MainCore.storyboard */; };
		998D7C1619EAE69500A8036F /* Images.xcassets in Resources */ = {isa = PBXBuildFile; fileRef = 998D7C1519EAE69500A8036F /* Images.xcassets */; };
		998D7C1919EAE69500A8036F /* LaunchScreen.xib in Resources */ = {isa = PBXBuildFile; fileRef = 998D7C1719EAE69500A8036F /* LaunchScreen.xib */; };
		998D7C2519EAE69500A8036F /* CoreXperienceTests.swift in Sources */ = {isa = PBXBuildFile; fileRef = 998D7C2419EAE69500A8036F /* CoreXperienceTests.swift */; };
		999783CC1A0FD9A300943B7D /* STOP2.jpeg in Resources */ = {isa = PBXBuildFile; fileRef = 999783CB1A0FD9A300943B7D /* STOP2.jpeg */; };
		999783CE1A0FD9FC00943B7D /* PAUSE2.jpeg in Resources */ = {isa = PBXBuildFile; fileRef = 999783CD1A0FD9FC00943B7D /* PAUSE2.jpeg */; };
		999783D01A0FDA3A00943B7D /* PLAY3.jpeg in Resources */ = {isa = PBXBuildFile; fileRef = 999783CF1A0FDA3A00943B7D /* PLAY3.jpeg */; };
		999CC1671A04D0F900C2CB5E /* showCategoryViewController.swift in Sources */ = {isa = PBXBuildFile; fileRef = 999CC1661A04D0F900C2CB5E /* showCategoryViewController.swift */; };
		99A5023C1A04FC61001F6282 /* Family-Sign-32.png in Resources */ = {isa = PBXBuildFile; fileRef = 99A5023B1A04FC61001F6282 /* Family-Sign-32.png */; };
		99A5023E1A04FE6E001F6282 /* showTextEntryViewController.swift in Sources */ = {isa = PBXBuildFile; fileRef = 99A5023D1A04FE6E001F6282 /* showTextEntryViewController.swift */; };
		99B0AA3D19F3F89A00D3A5F3 /* Social.framework in Frameworks */ = {isa = PBXBuildFile; fileRef = 99B0AA3C19F3F89A00D3A5F3 /* Social.framework */; };
		99D8C49019FD24E4000DD3EB /* showDateTimeViewController.swift in Sources */ = {isa = PBXBuildFile; fileRef = 99D8C48F19FD24E4000DD3EB /* showDateTimeViewController.swift */; };
		99EBA79E1A0FD285006A83DB /* Pause in Resources */ = {isa = PBXBuildFile; fileRef = 99EBA79B1A0FD285006A83DB /* Pause */; };
		99EBA79F1A0FD285006A83DB /* Play2.jpeg in Resources */ = {isa = PBXBuildFile; fileRef = 99EBA79C1A0FD285006A83DB /* Play2.jpeg */; };
		99EBA7A21A0FD2EA006A83DB /* REC in Resources */ = {isa = PBXBuildFile; fileRef = 99EBA7A11A0FD2EA006A83DB /* REC */; };
/* End PBXBuildFile section */

/* Begin PBXContainerItemProxy section */
		998D7C1F19EAE69500A8036F /* PBXContainerItemProxy */ = {
			isa = PBXContainerItemProxy;
			containerPortal = 998D7BFE19EAE69500A8036F /* Project object */;
			proxyType = 1;
			remoteGlobalIDString = 998D7C0519EAE69500A8036F;
			remoteInfo = CoreXperience;
		};
/* End PBXContainerItemProxy section */

/* Begin PBXFileReference section */
		99096DFE1A19AFD2009CF377 /* hh-blessings.jpg */ = {isa = PBXFileReference; lastKnownFileType = image.jpeg; path = "hh-blessings.jpg"; sourceTree = "<group>"; };
		99096E001A19B0B6009CF377 /* Bhagawad-Gita.jpg */ = {isa = PBXFileReference; lastKnownFileType = image.jpeg; path = "Bhagawad-Gita.jpg"; sourceTree = "<group>"; };
		990F0C401A1192F2007989C1 /* Appaji.jpg */ = {isa = PBXFileReference; lastKnownFileType = image.jpeg; path = Appaji.jpg; sourceTree = "<group>"; };
		990F0C421A119304007989C1 /* Balaswamiji.jpg */ = {isa = PBXFileReference; lastKnownFileType = image.jpeg; path = Balaswamiji.jpg; sourceTree = "<group>"; };
		990F0C441A11A336007989C1 /* summaryCell.swift */ = {isa = PBXFileReference; fileEncoding = 4; lastKnownFileType = sourcecode.swift; path = summaryCell.swift; sourceTree = "<group>"; };
		990F0C461A11ACA5007989C1 /* Default-category.jpg */ = {isa = PBXFileReference; lastKnownFileType = image.jpeg; path = "Default-category.jpg"; sourceTree = "<group>"; };
		9910089F1A099D0E0015E4A1 /* FavUnselected.jpeg */ = {isa = PBXFileReference; lastKnownFileType = image.jpeg; path = FavUnselected.jpeg; sourceTree = "<group>"; };
		991008A11A099E340015E4A1 /* FavSelected.png */ = {isa = PBXFileReference; lastKnownFileType = image.png; path = FavSelected.png; sourceTree = "<group>"; };
		991008A51A09A4F60015E4A1 /* Favorite1KB.png */ = {isa = PBXFileReference; lastKnownFileType = image.png; path = Favorite1KB.png; sourceTree = "<group>"; };
		991008A71A09A7A10015E4A1 /* FavTableViewController.swift */ = {isa = PBXFileReference; fileEncoding = 4; lastKnownFileType = sourcecode.swift; path = FavTableViewController.swift; sourceTree = "<group>"; };
		99114D331A04956C005D6DB0 /* Mic.jpeg */ = {isa = PBXFileReference; lastKnownFileType = image.jpeg; path = Mic.jpeg; sourceTree = "<group>"; };
		9915D7431A1DC089009B9766 /* Bonsai.jpeg */ = {isa = PBXFileReference; lastKnownFileType = image.jpeg; path = Bonsai.jpeg; sourceTree = "<group>"; };
		991783DA1A11066D00D1C6CC /* photo-small.png */ = {isa = PBXFileReference; lastKnownFileType = image.png; path = "photo-small.png"; sourceTree = "<group>"; };
		9917A47E19F1E5F000F83DFC /* customCell.swift */ = {isa = PBXFileReference; fileEncoding = 4; lastKnownFileType = sourcecode.swift; path = customCell.swift; sourceTree = "<group>"; };
		9926B4681A0A365F006E867B /* showImagePickerViewController.swift */ = {isa = PBXFileReference; fileEncoding = 4; lastKnownFileType = sourcecode.swift; path = showImagePickerViewController.swift; sourceTree = "<group>"; };
		9930D8E51A0F01030087826B /* modelCategory.swift */ = {isa = PBXFileReference; fileEncoding = 4; lastKnownFileType = sourcecode.swift; path = modelCategory.swift; sourceTree = "<group>"; };
		9930D8E71A0F01C60087826B /* categoryViewController.swift */ = {isa = PBXFileReference; fileEncoding = 4; lastKnownFileType = sourcecode.swift; path = categoryViewController.swift; sourceTree = "<group>"; };
		994634DB1A1AD5EA00C5D0E9 /* Rec-small.png */ = {isa = PBXFileReference; lastKnownFileType = image.png; path = "Rec-small.png"; sourceTree = "<group>"; };
		994634DD1A1B570800C5D0E9 /* CoreXperience.entitlements */ = {isa = PBXFileReference; lastKnownFileType = text.xml; path = CoreXperience.entitlements; sourceTree = "<group>"; };
		994634E01A1B66A200C5D0E9 /* CloudKit.framework */ = {isa = PBXFileReference; lastKnownFileType = wrapper.framework; name = CloudKit.framework; path = System/Library/Frameworks/CloudKit.framework; sourceTree = SDKROOT; };
		9951FBCE1A12C90B00DE82D6 /* categoryTableViewCell.swift */ = {isa = PBXFileReference; fileEncoding = 4; lastKnownFileType = sourcecode.swift; path = categoryTableViewCell.swift; sourceTree = "<group>"; };
		9951FBD01A12D8E700DE82D6 /* House-visit.jpg */ = {isa = PBXFileReference; lastKnownFileType = image.jpeg; path = "House-visit.jpg"; sourceTree = "<group>"; };
		9951FBD21A17506C00DE82D6 /* categoryImageViewController.swift */ = {isa = PBXFileReference; fileEncoding = 4; lastKnownFileType = sourcecode.swift; path = categoryImageViewController.swift; sourceTree = "<group>"; };
		995ACCAB19EAEBDB00F0C715 /* ExperienceSummaryViewController.swift */ = {isa = PBXFileReference; fileEncoding = 4; lastKnownFileType = sourcecode.swift; path = ExperienceSummaryViewController.swift; sourceTree = "<group>"; };
		995ACCAD19EAEBFC00F0C715 /* ExperienceListViewController.swift */ = {isa = PBXFileReference; fileEncoding = 4; lastKnownFileType = sourcecode.swift; path = ExperienceListViewController.swift; sourceTree = "<group>"; };
		995ACCAF19EAEC1E00F0C715 /* ExperienceDetailViewController.swift */ = {isa = PBXFileReference; fileEncoding = 4; lastKnownFileType = sourcecode.swift; path = ExperienceDetailViewController.swift; sourceTree = "<group>"; };
		995ACCB319EAF7B500F0C715 /* ExperienceMgr.swift */ = {isa = PBXFileReference; fileEncoding = 4; lastKnownFileType = sourcecode.swift; path = ExperienceMgr.swift; sourceTree = "<group>"; };
		995ACCB519EAF7E700F0C715 /* ExperiencePersistenceHelper.swift */ = {isa = PBXFileReference; fileEncoding = 4; lastKnownFileType = sourcecode.swift; path = ExperiencePersistenceHelper.swift; sourceTree = "<group>"; };
		996600B219F27778001B3086 /* share2.jpeg */ = {isa = PBXFileReference; lastKnownFileType = image.jpeg; path = share2.jpeg; sourceTree = "<group>"; };
		996BF7D91A19FF8F00304B82 /* favCellTableViewCell.swift */ = {isa = PBXFileReference; fileEncoding = 4; lastKnownFileType = sourcecode.swift; path = favCellTableViewCell.swift; sourceTree = "<group>"; };
		996BF7DF1A1A210E00304B82 /* icon_setting.png */ = {isa = PBXFileReference; lastKnownFileType = image.png; path = icon_setting.png; sourceTree = "<group>"; };
		998D7C0619EAE69500A8036F /* CoreXperience.app */ = {isa = PBXFileReference; explicitFileType = wrapper.application; includeInIndex = 0; path = CoreXperience.app; sourceTree = BUILT_PRODUCTS_DIR; };
		998D7C0A19EAE69500A8036F /* Info.plist */ = {isa = PBXFileReference; lastKnownFileType = text.plist.xml; path = Info.plist; sourceTree = "<group>"; };
		998D7C0B19EAE69500A8036F /* AppDelegate.swift */ = {isa = PBXFileReference; lastKnownFileType = sourcecode.swift; path = AppDelegate.swift; sourceTree = "<group>"; };
		998D7C0E19EAE69500A8036F /* CoreXperience.xcdatamodel */ = {isa = PBXFileReference; lastKnownFileType = wrapper.xcdatamodel; path = CoreXperience.xcdatamodel; sourceTree = "<group>"; };
		998D7C1319EAE69500A8036F /* Base */ = {isa = PBXFileReference; lastKnownFileType = file.storyboard; name = Base; path = Base.lproj/MainCore.storyboard; sourceTree = "<group>"; };
		998D7C1519EAE69500A8036F /* Images.xcassets */ = {isa = PBXFileReference; lastKnownFileType = folder.assetcatalog; path = Images.xcassets; sourceTree = "<group>"; };
		998D7C1819EAE69500A8036F /* Base */ = {isa = PBXFileReference; lastKnownFileType = file.xib; name = Base; path = Base.lproj/LaunchScreen.xib; sourceTree = "<group>"; };
		998D7C1E19EAE69500A8036F /* CoreXperienceTests.xctest */ = {isa = PBXFileReference; explicitFileType = wrapper.cfbundle; includeInIndex = 0; path = CoreXperienceTests.xctest; sourceTree = BUILT_PRODUCTS_DIR; };
		998D7C2319EAE69500A8036F /* Info.plist */ = {isa = PBXFileReference; lastKnownFileType = text.plist.xml; path = Info.plist; sourceTree = "<group>"; };
		998D7C2419EAE69500A8036F /* CoreXperienceTests.swift */ = {isa = PBXFileReference; lastKnownFileType = sourcecode.swift; path = CoreXperienceTests.swift; sourceTree = "<group>"; };
		999783CB1A0FD9A300943B7D /* STOP2.jpeg */ = {isa = PBXFileReference; lastKnownFileType = image.jpeg; path = STOP2.jpeg; sourceTree = "<group>"; };
		999783CD1A0FD9FC00943B7D /* PAUSE2.jpeg */ = {isa = PBXFileReference; lastKnownFileType = image.jpeg; path = PAUSE2.jpeg; sourceTree = "<group>"; };
		999783CF1A0FDA3A00943B7D /* PLAY3.jpeg */ = {isa = PBXFileReference; lastKnownFileType = image.jpeg; path = PLAY3.jpeg; sourceTree = "<group>"; };
		999CC1661A04D0F900C2CB5E /* showCategoryViewController.swift */ = {isa = PBXFileReference; fileEncoding = 4; lastKnownFileType = sourcecode.swift; path = showCategoryViewController.swift; sourceTree = "<group>"; };
		99A5023B1A04FC61001F6282 /* Family-Sign-32.png */ = {isa = PBXFileReference; lastKnownFileType = image.png; path = "Family-Sign-32.png"; sourceTree = "<group>"; };
		99A5023D1A04FE6E001F6282 /* showTextEntryViewController.swift */ = {isa = PBXFileReference; fileEncoding = 4; lastKnownFileType = sourcecode.swift; path = showTextEntryViewController.swift; sourceTree = "<group>"; };
		99B0AA3C19F3F89A00D3A5F3 /* Social.framework */ = {isa = PBXFileReference; lastKnownFileType = wrapper.framework; name = Social.framework; path = System/Library/Frameworks/Social.framework; sourceTree = SDKROOT; };
		99D8C48F19FD24E4000DD3EB /* showDateTimeViewController.swift */ = {isa = PBXFileReference; fileEncoding = 4; lastKnownFileType = sourcecode.swift; path = showDateTimeViewController.swift; sourceTree = "<group>"; };
		99EBA79B1A0FD285006A83DB /* Pause */ = {isa = PBXFileReference; explicitFileType = image.jpeg; path = Pause; sourceTree = "<group>"; };
		99EBA79C1A0FD285006A83DB /* Play2.jpeg */ = {isa = PBXFileReference; lastKnownFileType = image.jpeg; path = Play2.jpeg; sourceTree = "<group>"; };
		99EBA7A11A0FD2EA006A83DB /* REC */ = {isa = PBXFileReference; explicitFileType = image.jpeg; path = REC; sourceTree = "<group>"; };
/* End PBXFileReference section */

/* Begin PBXFrameworksBuildPhase section */
		998D7C0319EAE69500A8036F /* Frameworks */ = {
			isa = PBXFrameworksBuildPhase;
			buildActionMask = 2147483647;
			files = (
				99B0AA3D19F3F89A00D3A5F3 /* Social.framework in Frameworks */,
				994634E11A1B66A200C5D0E9 /* CloudKit.framework in Frameworks */,
			);
			runOnlyForDeploymentPostprocessing = 0;
		};
		998D7C1B19EAE69500A8036F /* Frameworks */ = {
			isa = PBXFrameworksBuildPhase;
			buildActionMask = 2147483647;
			files = (
			);
			runOnlyForDeploymentPostprocessing = 0;
		};
/* End PBXFrameworksBuildPhase section */

/* Begin PBXGroup section */
		998D7BFD19EAE69500A8036F = {
			isa = PBXGroup;
			children = (
				994634E01A1B66A200C5D0E9 /* CloudKit.framework */,
				99B0AA3C19F3F89A00D3A5F3 /* Social.framework */,
				998D7C0819EAE69500A8036F /* CoreXperience */,
				998D7C2119EAE69500A8036F /* CoreXperienceTests */,
				998D7C0719EAE69500A8036F /* Products */,
			);
			sourceTree = "<group>";
		};
		998D7C0719EAE69500A8036F /* Products */ = {
			isa = PBXGroup;
			children = (
				998D7C0619EAE69500A8036F /* CoreXperience.app */,
				998D7C1E19EAE69500A8036F /* CoreXperienceTests.xctest */,
			);
			name = Products;
			sourceTree = "<group>";
		};
		998D7C0819EAE69500A8036F /* CoreXperience */ = {
			isa = PBXGroup;
			children = (
				994634DD1A1B570800C5D0E9 /* CoreXperience.entitlements */,
				998D7C0B19EAE69500A8036F /* AppDelegate.swift */,
				998D7C1219EAE69500A8036F /* MainCore.storyboard */,
				998D7C1519EAE69500A8036F /* Images.xcassets */,
				998D7C2E19EAE98300A8036F /* Images */,
				998D7C1719EAE69500A8036F /* LaunchScreen.xib */,
				998D7C0D19EAE69500A8036F /* CoreXperience.xcdatamodeld */,
				998D7C0919EAE69500A8036F /* Supporting Files */,
				995ACCAB19EAEBDB00F0C715 /* ExperienceSummaryViewController.swift */,
				9930D8E51A0F01030087826B /* modelCategory.swift */,
				995ACCAD19EAEBFC00F0C715 /* ExperienceListViewController.swift */,
				99A5023B1A04FC61001F6282 /* Family-Sign-32.png */,
				9917A47E19F1E5F000F83DFC /* customCell.swift */,
				995ACCAF19EAEC1E00F0C715 /* ExperienceDetailViewController.swift */,
				995ACCB319EAF7B500F0C715 /* ExperienceMgr.swift */,
				995ACCB519EAF7E700F0C715 /* ExperiencePersistenceHelper.swift */,
				99D8C48F19FD24E4000DD3EB /* showDateTimeViewController.swift */,
				999CC1661A04D0F900C2CB5E /* showCategoryViewController.swift */,
				99A5023D1A04FE6E001F6282 /* showTextEntryViewController.swift */,
				991008A71A09A7A10015E4A1 /* FavTableViewController.swift */,
				9926B4681A0A365F006E867B /* showImagePickerViewController.swift */,
				9930D8E71A0F01C60087826B /* categoryViewController.swift */,
				990F0C441A11A336007989C1 /* summaryCell.swift */,
				9951FBCE1A12C90B00DE82D6 /* categoryTableViewCell.swift */,
				9951FBD21A17506C00DE82D6 /* categoryImageViewController.swift */,
				996BF7D91A19FF8F00304B82 /* favCellTableViewCell.swift */,
			);
			path = CoreXperience;
			sourceTree = "<group>";
		};
		998D7C0919EAE69500A8036F /* Supporting Files */ = {
			isa = PBXGroup;
			children = (
				998D7C0A19EAE69500A8036F /* Info.plist */,
			);
			name = "Supporting Files";
			sourceTree = "<group>";
		};
		998D7C2119EAE69500A8036F /* CoreXperienceTests */ = {
			isa = PBXGroup;
			children = (
				998D7C2419EAE69500A8036F /* CoreXperienceTests.swift */,
				998D7C2219EAE69500A8036F /* Supporting Files */,
			);
			path = CoreXperienceTests;
			sourceTree = "<group>";
		};
		998D7C2219EAE69500A8036F /* Supporting Files */ = {
			isa = PBXGroup;
			children = (
				998D7C2319EAE69500A8036F /* Info.plist */,
			);
			name = "Supporting Files";
			sourceTree = "<group>";
		};
		998D7C2E19EAE98300A8036F /* Images */ = {
			isa = PBXGroup;
			children = (
				996BF7DF1A1A210E00304B82 /* icon_setting.png */,
				9915D7431A1DC089009B9766 /* Bonsai.jpeg */,
				99096E001A19B0B6009CF377 /* Bhagawad-Gita.jpg */,
				990F0C401A1192F2007989C1 /* Appaji.jpg */,
				9951FBD01A12D8E700DE82D6 /* House-visit.jpg */,
				991783DA1A11066D00D1C6CC /* photo-small.png */,
				999783CF1A0FDA3A00943B7D /* PLAY3.jpeg */,
				994634DB1A1AD5EA00C5D0E9 /* Rec-small.png */,
				99096DFE1A19AFD2009CF377 /* hh-blessings.jpg */,
				990F0C461A11ACA5007989C1 /* Default-category.jpg */,
				999783CD1A0FD9FC00943B7D /* PAUSE2.jpeg */,
				990F0C421A119304007989C1 /* Balaswamiji.jpg */,
				999783CB1A0FD9A300943B7D /* STOP2.jpeg */,
				99EBA7A11A0FD2EA006A83DB /* REC */,
				99EBA79B1A0FD285006A83DB /* Pause */,
				99EBA79C1A0FD285006A83DB /* Play2.jpeg */,
				991008A51A09A4F60015E4A1 /* Favorite1KB.png */,
				991008A11A099E340015E4A1 /* FavSelected.png */,
				9910089F1A099D0E0015E4A1 /* FavUnselected.jpeg */,
				996600B219F27778001B3086 /* share2.jpeg */,
				99114D331A04956C005D6DB0 /* Mic.jpeg */,
			);
			name = Images;
			sourceTree = "<group>";
		};
/* End PBXGroup section */

/* Begin PBXNativeTarget section */
		998D7C0519EAE69500A8036F /* CoreXperience */ = {
			isa = PBXNativeTarget;
			buildConfigurationList = 998D7C2819EAE69500A8036F /* Build configuration list for PBXNativeTarget "CoreXperience" */;
			buildPhases = (
				998D7C0219EAE69500A8036F /* Sources */,
				998D7C0319EAE69500A8036F /* Frameworks */,
				998D7C0419EAE69500A8036F /* Resources */,
			);
			buildRules = (
			);
			dependencies = (
			);
			name = CoreXperience;
			productName = CoreXperience;
			productReference = 998D7C0619EAE69500A8036F /* CoreXperience.app */;
			productType = "com.apple.product-type.application";
		};
		998D7C1D19EAE69500A8036F /* CoreXperienceTests */ = {
			isa = PBXNativeTarget;
			buildConfigurationList = 998D7C2B19EAE69500A8036F /* Build configuration list for PBXNativeTarget "CoreXperienceTests" */;
			buildPhases = (
				998D7C1A19EAE69500A8036F /* Sources */,
				998D7C1B19EAE69500A8036F /* Frameworks */,
				998D7C1C19EAE69500A8036F /* Resources */,
			);
			buildRules = (
			);
			dependencies = (
				998D7C2019EAE69500A8036F /* PBXTargetDependency */,
			);
			name = CoreXperienceTests;
			productName = CoreXperienceTests;
			productReference = 998D7C1E19EAE69500A8036F /* CoreXperienceTests.xctest */;
			productType = "com.apple.product-type.bundle.unit-test";
		};
/* End PBXNativeTarget section */

/* Begin PBXProject section */
		998D7BFE19EAE69500A8036F /* Project object */ = {
			isa = PBXProject;
			attributes = {
				LastUpgradeCheck = 0600;
				ORGANIZATIONNAME = iTripuram;
				TargetAttributes = {
					998D7C0519EAE69500A8036F = {
						CreatedOnToolsVersion = 6.0.1;
						DevelopmentTeam = T9HY8P658T;
						SystemCapabilities = {
							com.apple.iCloud = {
								enabled = 1;
							};
						};
					};
					998D7C1D19EAE69500A8036F = {
						CreatedOnToolsVersion = 6.0.1;
						TestTargetID = 998D7C0519EAE69500A8036F;
					};
				};
			};
			buildConfigurationList = 998D7C0119EAE69500A8036F /* Build configuration list for PBXProject "CoreXperience" */;
			compatibilityVersion = "Xcode 3.2";
			developmentRegion = English;
			hasScannedForEncodings = 0;
			knownRegions = (
				en,
				Base,
			);
			mainGroup = 998D7BFD19EAE69500A8036F;
			productRefGroup = 998D7C0719EAE69500A8036F /* Products */;
			projectDirPath = "";
			projectRoot = "";
			targets = (
				998D7C0519EAE69500A8036F /* CoreXperience */,
				998D7C1D19EAE69500A8036F /* CoreXperienceTests */,
			);
		};
/* End PBXProject section */

/* Begin PBXResourcesBuildPhase section */
		998D7C0419EAE69500A8036F /* Resources */ = {
			isa = PBXResourcesBuildPhase;
			buildActionMask = 2147483647;
			files = (
				996BF7E11A1A210E00304B82 /* icon_setting.png in Resources */,
				9915D7441A1DC089009B9766 /* Bonsai.jpeg in Resources */,
				990F0C411A1192F2007989C1 /* Appaji.jpg in Resources */,
				99EBA7A21A0FD2EA006A83DB /* REC in Resources */,
				99096E011A19B0B6009CF377 /* Bhagawad-Gita.jpg in Resources */,
				998D7C1419EAE69500A8036F /* MainCore.storyboard in Resources */,
				996600B419F27778001B3086 /* share2.jpeg in Resources */,
				990F0C471A11ACA5007989C1 /* Default-category.jpg in Resources */,
				990F0C431A119304007989C1 /* Balaswamiji.jpg in Resources */,
				99114D341A04956C005D6DB0 /* Mic.jpeg in Resources */,
				99A5023C1A04FC61001F6282 /* Family-Sign-32.png in Resources */,
				99EBA79F1A0FD285006A83DB /* Play2.jpeg in Resources */,
				999783CE1A0FD9FC00943B7D /* PAUSE2.jpeg in Resources */,
				998D7C1919EAE69500A8036F /* LaunchScreen.xib in Resources */,
				999783D01A0FDA3A00943B7D /* PLAY3.jpeg in Resources */,
				998D7C1619EAE69500A8036F /* Images.xcassets in Resources */,
				991008A01A099D0E0015E4A1 /* FavUnselected.jpeg in Resources */,
				994634DC1A1AD5EA00C5D0E9 /* Rec-small.png in Resources */,
				991008A61A09A4F60015E4A1 /* Favorite1KB.png in Resources */,
				99096DFF1A19AFD2009CF377 /* hh-blessings.jpg in Resources */,
				999783CC1A0FD9A300943B7D /* STOP2.jpeg in Resources */,
				99EBA79E1A0FD285006A83DB /* Pause in Resources */,
				991008A21A099E340015E4A1 /* FavSelected.png in Resources */,
				991783DB1A11066D00D1C6CC /* photo-small.png in Resources */,
				9951FBD11A12D8E700DE82D6 /* House-visit.jpg in Resources */,
			);
			runOnlyForDeploymentPostprocessing = 0;
		};
		998D7C1C19EAE69500A8036F /* Resources */ = {
			isa = PBXResourcesBuildPhase;
			buildActionMask = 2147483647;
			files = (
			);
			runOnlyForDeploymentPostprocessing = 0;
		};
/* End PBXResourcesBuildPhase section */

/* Begin PBXSourcesBuildPhase section */
		998D7C0219EAE69500A8036F /* Sources */ = {
			isa = PBXSourcesBuildPhase;
			buildActionMask = 2147483647;
			files = (
				9917A47F19F1E5F000F83DFC /* customCell.swift in Sources */,
				9930D8E61A0F01030087826B /* modelCategory.swift in Sources */,
				9926B4691A0A365F006E867B /* showImagePickerViewController.swift in Sources */,
				99A5023E1A04FE6E001F6282 /* showTextEntryViewController.swift in Sources */,
				995ACCAE19EAEBFC00F0C715 /* ExperienceListViewController.swift in Sources */,
				999CC1671A04D0F900C2CB5E /* showCategoryViewController.swift in Sources */,
				991008A81A09A7A10015E4A1 /* FavTableViewController.swift in Sources */,
				99D8C49019FD24E4000DD3EB /* showDateTimeViewController.swift in Sources */,
				995ACCB019EAEC1E00F0C715 /* ExperienceDetailViewController.swift in Sources */,
				995ACCB419EAF7B500F0C715 /* ExperienceMgr.swift in Sources */,
				995ACCB619EAF7E700F0C715 /* ExperiencePersistenceHelper.swift in Sources */,
				995ACCAC19EAEBDB00F0C715 /* ExperienceSummaryViewController.swift in Sources */,
				9930D8E81A0F01C60087826B /* categoryViewController.swift in Sources */,
				998D7C0F19EAE69500A8036F /* CoreXperience.xcdatamodeld in Sources */,
				996BF7DA1A19FF8F00304B82 /* favCellTableViewCell.swift in Sources */,
				990F0C451A11A336007989C1 /* summaryCell.swift in Sources */,
				9951FBD31A17506C00DE82D6 /* categoryImageViewController.swift in Sources */,
				998D7C0C19EAE69500A8036F /* AppDelegate.swift in Sources */,
				9951FBCF1A12C90B00DE82D6 /* categoryTableViewCell.swift in Sources */,
			);
			runOnlyForDeploymentPostprocessing = 0;
		};
		998D7C1A19EAE69500A8036F /* Sources */ = {
			isa = PBXSourcesBuildPhase;
			buildActionMask = 2147483647;
			files = (
				998D7C2519EAE69500A8036F /* CoreXperienceTests.swift in Sources */,
			);
			runOnlyForDeploymentPostprocessing = 0;
		};
/* End PBXSourcesBuildPhase section */

/* Begin PBXTargetDependency section */
		998D7C2019EAE69500A8036F /* PBXTargetDependency */ = {
			isa = PBXTargetDependency;
			target = 998D7C0519EAE69500A8036F /* CoreXperience */;
			targetProxy = 998D7C1F19EAE69500A8036F /* PBXContainerItemProxy */;
		};
/* End PBXTargetDependency section */

/* Begin PBXVariantGroup section */
		998D7C1219EAE69500A8036F /* MainCore.storyboard */ = {
			isa = PBXVariantGroup;
			children = (
				998D7C1319EAE69500A8036F /* Base */,
			);
			name = MainCore.storyboard;
			sourceTree = "<group>";
		};
		998D7C1719EAE69500A8036F /* LaunchScreen.xib */ = {
			isa = PBXVariantGroup;
			children = (
				998D7C1819EAE69500A8036F /* Base */,
			);
			name = LaunchScreen.xib;
			sourceTree = "<group>";
		};
/* End PBXVariantGroup section */

/* Begin XCBuildConfiguration section */
		998D7C2619EAE69500A8036F /* Debug */ = {
			isa = XCBuildConfiguration;
			buildSettings = {
				ALWAYS_SEARCH_USER_PATHS = NO;
				CLANG_CXX_LANGUAGE_STANDARD = "gnu++0x";
				CLANG_CXX_LIBRARY = "libc++";
				CLANG_ENABLE_MODULES = YES;
				CLANG_ENABLE_OBJC_ARC = YES;
				CLANG_WARN_BOOL_CONVERSION = YES;
				CLANG_WARN_CONSTANT_CONVERSION = YES;
				CLANG_WARN_DIRECT_OBJC_ISA_USAGE = YES_ERROR;
				CLANG_WARN_EMPTY_BODY = YES;
				CLANG_WARN_ENUM_CONVERSION = YES;
				CLANG_WARN_INT_CONVERSION = YES;
				CLANG_WARN_OBJC_ROOT_CLASS = YES_ERROR;
				CLANG_WARN_UNREACHABLE_CODE = YES;
				CLANG_WARN__DUPLICATE_METHOD_MATCH = YES;
				"CODE_SIGN_IDENTITY[sdk=iphoneos*]" = "iPhone Developer";
				COPY_PHASE_STRIP = NO;
				ENABLE_STRICT_OBJC_MSGSEND = YES;
				GCC_C_LANGUAGE_STANDARD = gnu99;
				GCC_DYNAMIC_NO_PIC = NO;
				GCC_OPTIMIZATION_LEVEL = 0;
				GCC_PREPROCESSOR_DEFINITIONS = (
					"DEBUG=1",
					"$(inherited)",
				);
				GCC_SYMBOLS_PRIVATE_EXTERN = NO;
				GCC_WARN_64_TO_32_BIT_CONVERSION = YES;
				GCC_WARN_ABOUT_RETURN_TYPE = YES_ERROR;
				GCC_WARN_UNDECLARED_SELECTOR = YES;
				GCC_WARN_UNINITIALIZED_AUTOS = YES_AGGRESSIVE;
				GCC_WARN_UNUSED_FUNCTION = YES;
				GCC_WARN_UNUSED_VARIABLE = YES;
				IPHONEOS_DEPLOYMENT_TARGET = 8.0;
				MTL_ENABLE_DEBUG_INFO = YES;
				ONLY_ACTIVE_ARCH = YES;
				SDKROOT = iphoneos;
				SWIFT_OPTIMIZATION_LEVEL = "-Onone";
			};
			name = Debug;
		};
		998D7C2719EAE69500A8036F /* Release */ = {
			isa = XCBuildConfiguration;
			buildSettings = {
				ALWAYS_SEARCH_USER_PATHS = NO;
				CLANG_CXX_LANGUAGE_STANDARD = "gnu++0x";
				CLANG_CXX_LIBRARY = "libc++";
				CLANG_ENABLE_MODULES = YES;
				CLANG_ENABLE_OBJC_ARC = YES;
				CLANG_WARN_BOOL_CONVERSION = YES;
				CLANG_WARN_CONSTANT_CONVERSION = YES;
				CLANG_WARN_DIRECT_OBJC_ISA_USAGE = YES_ERROR;
				CLANG_WARN_EMPTY_BODY = YES;
				CLANG_WARN_ENUM_CONVERSION = YES;
				CLANG_WARN_INT_CONVERSION = YES;
				CLANG_WARN_OBJC_ROOT_CLASS = YES_ERROR;
				CLANG_WARN_UNREACHABLE_CODE = YES;
				CLANG_WARN__DUPLICATE_METHOD_MATCH = YES;
				"CODE_SIGN_IDENTITY[sdk=iphoneos*]" = "iPhone Developer";
				COPY_PHASE_STRIP = YES;
				ENABLE_NS_ASSERTIONS = NO;
				ENABLE_STRICT_OBJC_MSGSEND = YES;
				GCC_C_LANGUAGE_STANDARD = gnu99;
				GCC_WARN_64_TO_32_BIT_CONVERSION = YES;
				GCC_WARN_ABOUT_RETURN_TYPE = YES_ERROR;
				GCC_WARN_UNDECLARED_SELECTOR = YES;
				GCC_WARN_UNINITIALIZED_AUTOS = YES_AGGRESSIVE;
				GCC_WARN_UNUSED_FUNCTION = YES;
				GCC_WARN_UNUSED_VARIABLE = YES;
				IPHONEOS_DEPLOYMENT_TARGET = 8.0;
				MTL_ENABLE_DEBUG_INFO = NO;
				SDKROOT = iphoneos;
				VALIDATE_PRODUCT = YES;
			};
			name = Release;
		};
		998D7C2919EAE69500A8036F /* Debug */ = {
			isa = XCBuildConfiguration;
			buildSettings = {
				ASSETCATALOG_COMPILER_APPICON_NAME = AppIcon;
				CODE_SIGN_ENTITLEMENTS = CoreXperience/CoreXperience.entitlements;
				CODE_SIGN_IDENTITY = "iPhone Developer";
				"CODE_SIGN_IDENTITY[sdk=iphoneos*]" = "iPhone Developer";
				INFOPLIST_FILE = CoreXperience/Info.plist;
				LD_RUNPATH_SEARCH_PATHS = "$(inherited) @executable_path/Frameworks";
				PRODUCT_NAME = "$(TARGET_NAME)";
				PROVISIONING_PROFILE = "";
			};
			name = Debug;
		};
		998D7C2A19EAE69500A8036F /* Release */ = {
			isa = XCBuildConfiguration;
			buildSettings = {
				ASSETCATALOG_COMPILER_APPICON_NAME = AppIcon;
				CODE_SIGN_ENTITLEMENTS = CoreXperience/CoreXperience.entitlements;
				CODE_SIGN_IDENTITY = "iPhone Developer";
				"CODE_SIGN_IDENTITY[sdk=iphoneos*]" = "iPhone Developer";
				INFOPLIST_FILE = CoreXperience/Info.plist;
				LD_RUNPATH_SEARCH_PATHS = "$(inherited) @executable_path/Frameworks";
				PRODUCT_NAME = "$(TARGET_NAME)";
				PROVISIONING_PROFILE = "";
			};
			name = Release;
		};
		998D7C2C19EAE69500A8036F /* Debug */ = {
			isa = XCBuildConfiguration;
			buildSettings = {
				BUNDLE_LOADER = "$(TEST_HOST)";
				FRAMEWORK_SEARCH_PATHS = (
					"$(SDKROOT)/Developer/Library/Frameworks",
					"$(inherited)",
				);
				GCC_PREPROCESSOR_DEFINITIONS = (
					"DEBUG=1",
					"$(inherited)",
				);
				INFOPLIST_FILE = CoreXperienceTests/Info.plist;
				LD_RUNPATH_SEARCH_PATHS = "$(inherited) @executable_path/Frameworks @loader_path/Frameworks";
				PRODUCT_NAME = "$(TARGET_NAME)";
				TEST_HOST = "$(BUILT_PRODUCTS_DIR)/CoreXperience.app/CoreXperience";
			};
			name = Debug;
		};
		998D7C2D19EAE69500A8036F /* Release */ = {
			isa = XCBuildConfiguration;
			buildSettings = {
				BUNDLE_LOADER = "$(TEST_HOST)";
				FRAMEWORK_SEARCH_PATHS = (
					"$(SDKROOT)/Developer/Library/Frameworks",
					"$(inherited)",
				);
				INFOPLIST_FILE = CoreXperienceTests/Info.plist;
				LD_RUNPATH_SEARCH_PATHS = "$(inherited) @executable_path/Frameworks @loader_path/Frameworks";
				PRODUCT_NAME = "$(TARGET_NAME)";
				TEST_HOST = "$(BUILT_PRODUCTS_DIR)/CoreXperience.app/CoreXperience";
			};
			name = Release;
		};
/* End XCBuildConfiguration section */

/* Begin XCConfigurationList section */
		998D7C0119EAE69500A8036F /* Build configuration list for PBXProject "CoreXperience" */ = {
			isa = XCConfigurationList;
			buildConfigurations = (
				998D7C2619EAE69500A8036F /* Debug */,
				998D7C2719EAE69500A8036F /* Release */,
			);
			defaultConfigurationIsVisible = 0;
			defaultConfigurationName = Release;
		};
		998D7C2819EAE69500A8036F /* Build configuration list for PBXNativeTarget "CoreXperience" */ = {
			isa = XCConfigurationList;
			buildConfigurations = (
				998D7C2919EAE69500A8036F /* Debug */,
				998D7C2A19EAE69500A8036F /* Release */,
			);
			defaultConfigurationIsVisible = 0;
			defaultConfigurationName = Release;
		};
		998D7C2B19EAE69500A8036F /* Build configuration list for PBXNativeTarget "CoreXperienceTests" */ = {
			isa = XCConfigurationList;
			buildConfigurations = (
				998D7C2C19EAE69500A8036F /* Debug */,
				998D7C2D19EAE69500A8036F /* Release */,
			);
			defaultConfigurationIsVisible = 0;
			defaultConfigurationName = Release;
		};
/* End XCConfigurationList section */

/* Begin XCVersionGroup section */
		998D7C0D19EAE69500A8036F /* CoreXperience.xcdatamodeld */ = {
			isa = XCVersionGroup;
			children = (
				998D7C0E19EAE69500A8036F /* CoreXperience.xcdatamodel */,
			);
			currentVersion = 998D7C0E19EAE69500A8036F /* CoreXperience.xcdatamodel */;
			path = CoreXperience.xcdatamodeld;
			sourceTree = "<group>";
			versionGroupType = wrapper.xcdatamodel;
		};
/* End XCVersionGroup section */
	};
	rootObject = 998D7BFE19EAE69500A8036F /* Project object */;
}
